
Microsoft Visual Studio Solution File, Format Version 12.00
# Visual Studio Version 16
VisualStudioVersion = 16.0.34031.81
MinimumVisualStudioVersion = 10.0.40219.1
Project("{FAE04EC0-301F-11D3-BF4B-00C04F79EFBC}") = "DemoConsoleApplication", "DemoConsoleApplication\DemoConsoleApplication.csproj", "{64BE135A-2095-46F8-8EB6-D74C0F2913AB}"
EndProject
Global
	GlobalSection(SolutionConfigurationPlatforms) = preSolution
		Debug|Any CPU = Debug|Any CPU
		Release|Any CPU = Release|Any CPU
	EndGlobalSection
	GlobalSection(ProjectConfigurationPlatforms) = postSolution
		{64BE135A-2095-46F8-8EB6-D74C0F2913AB}.Debug|Any CPU.ActiveCfg = Debug|Any CPU
		{64BE135A-2095-46F8-8EB6-D74C0F2913AB}.Debug|Any CPU.Build.0 = Debug|Any CPU
		{64BE135A-2095-46F8-8EB6-D74C0F2913AB}.Release|Any CPU.ActiveCfg = Release|Any CPU
		{64BE135A-2095-46F8-8EB6-D74C0F2913AB}.Release|Any CPU.Build.0 = Release|Any CPU
	EndGlobalSection
	GlobalSection(SolutionProperties) = preSolution
		HideSolutionNode = FALSE
	EndGlobalSection
	GlobalSection(ExtensibilityGlobals) = postSolution
		SolutionGuid = {E38CE370-879B-40FB-9980-97DA46B3E78B}
	EndGlobalSection
EndGlobal
